
Microsoft Visual Studio Solution File, Format Version 12.00
# Visual Studio 15
VisualStudioVersion = 15.0.28307.852
MinimumVisualStudioVersion = 10.0.40219.1
Project("{FAE04EC0-301F-11D3-BF4B-00C04F79EFBC}") = "Demo.Service", "Demo.Service\Demo.Service.csproj", "{AD0C9178-C2D4-4DA2-AC2B-86C05955DC29}"
EndProject
Global
	GlobalSection(SolutionConfigurationPlatforms) = preSolution
		Debug|Any CPU = Debug|Any CPU
		Release|Any CPU = Release|Any CPU
	EndGlobalSection
	GlobalSection(ProjectConfigurationPlatforms) = postSolution
		{AD0C9178-C2D4-4DA2-AC2B-86C05955DC29}.Debug|Any CPU.ActiveCfg = Debug|Any CPU
		{AD0C9178-C2D4-4DA2-AC2B-86C05955DC29}.Debug|Any CPU.Build.0 = Debug|Any CPU
		{AD0C9178-C2D4-4DA2-AC2B-86C05955DC29}.Release|Any CPU.ActiveCfg = Release|Any CPU
		{AD0C9178-C2D4-4DA2-AC2B-86C05955DC29}.Release|Any CPU.Build.0 = Release|Any CPU
	EndGlobalSection
	GlobalSection(SolutionProperties) = preSolution
		HideSolutionNode = FALSE
	EndGlobalSection
	GlobalSection(ExtensibilityGlobals) = postSolution
		SolutionGuid = {D175F8C1-BA10-4E58-A7ED-B86491DB3E38}
	EndGlobalSection
EndGlobal
